
Microsoft Visual Studio Solution File, Format Version 12.00
# Visual Studio Version 17
VisualStudioVersion = 17.14.36401.2
MinimumVisualStudioVersion = 10.0.40219.1
Project("{8BC9CEB8-8B4A-11D0-8D11-00A0C91BC942}") = "VisualGameStudioEngine", "VisualGameStudioEngine\VisualGameStudioEngine.vcxproj", "{90E6C614-277C-4EA6-9625-880CBEAD970C}"
EndProject
Project("{8BC9CEB8-8B4A-11D0-8D11-00A0C91BC942}") = "CPPengineTest", "CPPengineTest\CPPengineTest.vcxproj", "{BD3BCBDC-AB43-492C-8451-5E02795A35C3}"
	ProjectSection(ProjectDependencies) = postProject
		{90E6C614-277C-4EA6-9625-880CBEAD970C} = {90E6C614-277C-4EA6-9625-880CBEAD970C}
	EndProjectSection
EndProject
Project("{F184B08F-C81C-45F6-A57F-5ABD9991F28F}") = "TestVbDLL", "TestVbDLL\TestVbDLL.vbproj", "{058371E4-2179-49B5-BD68-298F4B74E37D}"
EndProject
Project("{F184B08F-C81C-45F6-A57F-5ABD9991F28F}") = "RaylibWrapper", "RaylibWrapper\RaylibWrapper.vbproj", "{41CC78DB-63E7-46E8-B0E4-6497EB3F8BAA}"
EndProject
Project("{F184B08F-C81C-45F6-A57F-5ABD9991F28F}") = "VisualGameStudio", "VisualGameStudio\VisualGameStudio.vbproj", "{48BFF45F-7B72-48FB-897C-B8D1AD89CC72}"
EndProject
Project("{FAE04EC0-301F-11D3-BF4B-00C04F79EFBC}") = "BasicLang", "..\BasicLang\BasicLang\BasicLang.csproj", "{7EC41E3A-A351-C7EE-4F9D-14FEB411B5FB}"
EndProject
Project("{2150E333-8FDC-42A3-9474-1A3956D46DE8}") = "IDE", "IDE", "{02EA681E-C7D8-13C7-8484-4AC65E1B71E8}"
EndProject
Project("{FAE04EC0-301F-11D3-BF4B-00C04F79EFBC}") = "VisualGameStudio.Core", "VisualGameStudio.Core\VisualGameStudio.Core.csproj", "{C3E3B566-EAC0-8392-1D6C-C0864EDB45F1}"
EndProject
Project("{FAE04EC0-301F-11D3-BF4B-00C04F79EFBC}") = "VisualGameStudio.Editor", "VisualGameStudio.Editor\VisualGameStudio.Editor.csproj", "{7296DE2C-5E7F-D9A9-FF85-CD5AD1D2FE32}"
EndProject
Project("{FAE04EC0-301F-11D3-BF4B-00C04F79EFBC}") = "VisualGameStudio.ProjectSystem", "VisualGameStudio.ProjectSystem\VisualGameStudio.ProjectSystem.csproj", "{B6A1C02B-CC9F-87D8-9C50-EA79C5482805}"
EndProject
Project("{FAE04EC0-301F-11D3-BF4B-00C04F79EFBC}") = "VisualGameStudio.Shell", "VisualGameStudio.Shell\VisualGameStudio.Shell.csproj", "{9A6EA8B3-F5D9-A754-B63B-C10EB54EBF8D}"
EndProject
Project("{FAE04EC0-301F-11D3-BF4B-00C04F79EFBC}") = "VisualGameStudio.Tests", "VisualGameStudio.Tests\VisualGameStudio.Tests.csproj", "{48CD4C14-519A-481C-9AF2-E0CD74FD0D1F}"
EndProject
Project("{FAE04EC0-301F-11D3-BF4B-00C04F79EFBC}") = "VS.BasicLang", "VS.BasicLang\VS.BasicLang.csproj", "{7E18D722-AA66-4393-B85E-B5385C0E73FB}"
EndProject
Project("{2150E333-8FDC-42A3-9474-1A3956D46DE8}") = "Compiler", "Compiler", "{B8198FCD-CF0B-4DE3-89D5-FC8CFE57B6C0}"
EndProject
Project("{2150E333-8FDC-42A3-9474-1A3956D46DE8}") = "GameEngine", "GameEngine", "{5AA54591-AA47-4F05-9706-207601B5DB6F}"
EndProject
Project("{2150E333-8FDC-42A3-9474-1A3956D46DE8}") = "Games", "Games", "{B0E8B0C3-3A47-46BE-87ED-0E3CB9B835B8}"
EndProject
Project("{8BC9CEB8-8B4A-11D0-8D11-00A0C91BC942}") = "CppTitle0", "CppTitle0\CppTitle0.vcxproj", "{DB745B17-1FD3-4585-8056-27CE99F7113B}"
	ProjectSection(ProjectDependencies) = postProject
		{90E6C614-277C-4EA6-9625-880CBEAD970C} = {90E6C614-277C-4EA6-9625-880CBEAD970C}
	EndProjectSection
EndProject
Global
	GlobalSection(SolutionConfigurationPlatforms) = preSolution
		Debug|Any CPU = Debug|Any CPU
		Debug|x64 = Debug|x64
		Debug|x86 = Debug|x86
		Release|Any CPU = Release|Any CPU
		Release|x64 = Release|x64
		Release|x86 = Release|x86
	EndGlobalSection
	GlobalSection(ProjectConfigurationPlatforms) = postSolution
		{90E6C614-277C-4EA6-9625-880CBEAD970C}.Debug|Any CPU.ActiveCfg = Debug|x64
		{90E6C614-277C-4EA6-9625-880CBEAD970C}.Debug|Any CPU.Build.0 = Debug|x64
		{90E6C614-277C-4EA6-9625-880CBEAD970C}.Debug|x64.ActiveCfg = Debug|x64
		{90E6C614-277C-4EA6-9625-880CBEAD970C}.Debug|x64.Build.0 = Debug|x64
		{90E6C614-277C-4EA6-9625-880CBEAD970C}.Debug|x86.ActiveCfg = Debug|Win32
		{90E6C614-277C-4EA6-9625-880CBEAD970C}.Debug|x86.Build.0 = Debug|Win32
		{90E6C614-277C-4EA6-9625-880CBEAD970C}.Release|Any CPU.ActiveCfg = Release|x64
		{90E6C614-277C-4EA6-9625-880CBEAD970C}.Release|Any CPU.Build.0 = Release|x64
		{90E6C614-277C-4EA6-9625-880CBEAD970C}.Release|x64.ActiveCfg = Release|x64
		{90E6C614-277C-4EA6-9625-880CBEAD970C}.Release|x64.Build.0 = Release|x64
		{90E6C614-277C-4EA6-9625-880CBEAD970C}.Release|x86.ActiveCfg = Release|Win32
		{90E6C614-277C-4EA6-9625-880CBEAD970C}.Release|x86.Build.0 = Release|Win32
		{BD3BCBDC-AB43-492C-8451-5E02795A35C3}.Debug|Any CPU.ActiveCfg = Debug|x64
		{BD3BCBDC-AB43-492C-8451-5E02795A35C3}.Debug|Any CPU.Build.0 = Debug|x64
		{BD3BCBDC-AB43-492C-8451-5E02795A35C3}.Debug|x64.ActiveCfg = Debug|x64
		{BD3BCBDC-AB43-492C-8451-5E02795A35C3}.Debug|x64.Build.0 = Debug|x64
		{BD3BCBDC-AB43-492C-8451-5E02795A35C3}.Debug|x86.ActiveCfg = Debug|Win32
		{BD3BCBDC-AB43-492C-8451-5E02795A35C3}.Debug|x86.Build.0 = Debug|Win32
		{BD3BCBDC-AB43-492C-8451-5E02795A35C3}.Release|Any CPU.ActiveCfg = Release|x64
		{BD3BCBDC-AB43-492C-8451-5E02795A35C3}.Release|Any CPU.Build.0 = Release|x64
		{BD3BCBDC-AB43-492C-8451-5E02795A35C3}.Release|x64.ActiveCfg = Release|x64
		{BD3BCBDC-AB43-492C-8451-5E02795A35C3}.Release|x64.Build.0 = Release|x64
		{BD3BCBDC-AB43-492C-8451-5E02795A35C3}.Release|x86.ActiveCfg = Release|Win32
		{BD3BCBDC-AB43-492C-8451-5E02795A35C3}.Release|x86.Build.0 = Release|Win32
		{058371E4-2179-49B5-BD68-298F4B74E37D}.Debug|Any CPU.ActiveCfg = Debug|Any CPU
		{058371E4-2179-49B5-BD68-298F4B74E37D}.Debug|Any CPU.Build.0 = Debug|Any CPU
		{058371E4-2179-49B5-BD68-298F4B74E37D}.Debug|x64.ActiveCfg = Debug|Any CPU
		{058371E4-2179-49B5-BD68-298F4B74E37D}.Debug|x64.Build.0 = Debug|Any CPU
		{058371E4-2179-49B5-BD68-298F4B74E37D}.Debug|x86.ActiveCfg = Debug|Any CPU
		{058371E4-2179-49B5-BD68-298F4B74E37D}.Debug|x86.Build.0 = Debug|Any CPU
		{058371E4-2179-49B5-BD68-298F4B74E37D}.Release|Any CPU.ActiveCfg = Release|Any CPU
		{058371E4-2179-49B5-BD68-298F4B74E37D}.Release|Any CPU.Build.0 = Release|Any CPU
		{058371E4-2179-49B5-BD68-298F4B74E37D}.Release|x64.ActiveCfg = Release|Any CPU
		{058371E4-2179-49B5-BD68-298F4B74E37D}.Release|x64.Build.0 = Release|Any CPU
		{058371E4-2179-49B5-BD68-298F4B74E37D}.Release|x86.ActiveCfg = Release|Any CPU
		{058371E4-2179-49B5-BD68-298F4B74E37D}.Release|x86.Build.0 = Release|Any CPU
		{41CC78DB-63E7-46E8-B0E4-6497EB3F8BAA}.Debug|Any CPU.ActiveCfg = Debug|Any CPU
		{41CC78DB-63E7-46E8-B0E4-6497EB3F8BAA}.Debug|Any CPU.Build.0 = Debug|Any CPU
		{41CC78DB-63E7-46E8-B0E4-6497EB3F8BAA}.Debug|x64.ActiveCfg = Debug|Any CPU
		{41CC78DB-63E7-46E8-B0E4-6497EB3F8BAA}.Debug|x64.Build.0 = Debug|Any CPU
		{41CC78DB-63E7-46E8-B0E4-6497EB3F8BAA}.Debug|x86.ActiveCfg = Debug|Any CPU
		{41CC78DB-63E7-46E8-B0E4-6497EB3F8BAA}.Debug|x86.Build.0 = Debug|Any CPU
		{41CC78DB-63E7-46E8-B0E4-6497EB3F8BAA}.Release|Any CPU.ActiveCfg = Release|Any CPU
		{41CC78DB-63E7-46E8-B0E4-6497EB3F8BAA}.Release|Any CPU.Build.0 = Release|Any CPU
		{41CC78DB-63E7-46E8-B0E4-6497EB3F8BAA}.Release|x64.ActiveCfg = Release|Any CPU
		{41CC78DB-63E7-46E8-B0E4-6497EB3F8BAA}.Release|x64.Build.0 = Release|Any CPU
		{41CC78DB-63E7-46E8-B0E4-6497EB3F8BAA}.Release|x86.ActiveCfg = Release|Any CPU
		{41CC78DB-63E7-46E8-B0E4-6497EB3F8BAA}.Release|x86.Build.0 = Release|Any CPU
		{48BFF45F-7B72-48FB-897C-B8D1AD89CC72}.Debug|Any CPU.ActiveCfg = Debug|Any CPU
		{48BFF45F-7B72-48FB-897C-B8D1AD89CC72}.Debug|Any CPU.Build.0 = Debug|Any CPU
		{48BFF45F-7B72-48FB-897C-B8D1AD89CC72}.Debug|x64.ActiveCfg = Debug|Any CPU
		{48BFF45F-7B72-48FB-897C-B8D1AD89CC72}.Debug|x64.Build.0 = Debug|Any CPU
		{48BFF45F-7B72-48FB-897C-B8D1AD89CC72}.Debug|x86.ActiveCfg = Debug|Any CPU
		{48BFF45F-7B72-48FB-897C-B8D1AD89CC72}.Debug|x86.Build.0 = Debug|Any CPU
		{48BFF45F-7B72-48FB-897C-B8D1AD89CC72}.Release|Any CPU.ActiveCfg = Release|Any CPU
		{48BFF45F-7B72-48FB-897C-B8D1AD89CC72}.Release|Any CPU.Build.0 = Release|Any CPU
		{48BFF45F-7B72-48FB-897C-B8D1AD89CC72}.Release|x64.ActiveCfg = Release|Any CPU
		{48BFF45F-7B72-48FB-897C-B8D1AD89CC72}.Release|x64.Build.0 = Release|Any CPU
		{48BFF45F-7B72-48FB-897C-B8D1AD89CC72}.Release|x86.ActiveCfg = Release|Any CPU
		{48BFF45F-7B72-48FB-897C-B8D1AD89CC72}.Release|x86.Build.0 = Release|Any CPU
		{7EC41E3A-A351-C7EE-4F9D-14FEB411B5FB}.Debug|Any CPU.ActiveCfg = Debug|Any CPU
		{7EC41E3A-A351-C7EE-4F9D-14FEB411B5FB}.Debug|Any CPU.Build.0 = Debug|Any CPU
		{7EC41E3A-A351-C7EE-4F9D-14FEB411B5FB}.Debug|x64.ActiveCfg = Debug|Any CPU
		{7EC41E3A-A351-C7EE-4F9D-14FEB411B5FB}.Debug|x64.Build.0 = Debug|Any CPU
		{7EC41E3A-A351-C7EE-4F9D-14FEB411B5FB}.Debug|x86.ActiveCfg = Debug|Any CPU
		{7EC41E3A-A351-C7EE-4F9D-14FEB411B5FB}.Debug|x86.Build.0 = Debug|Any CPU
		{7EC41E3A-A351-C7EE-4F9D-14FEB411B5FB}.Release|Any CPU.ActiveCfg = Release|Any CPU
		{7EC41E3A-A351-C7EE-4F9D-14FEB411B5FB}.Release|Any CPU.Build.0 = Release|Any CPU
		{7EC41E3A-A351-C7EE-4F9D-14FEB411B5FB}.Release|x64.ActiveCfg = Release|Any CPU
		{7EC41E3A-A351-C7EE-4F9D-14FEB411B5FB}.Release|x64.Build.0 = Release|Any CPU
		{7EC41E3A-A351-C7EE-4F9D-14FEB411B5FB}.Release|x86.ActiveCfg = Release|Any CPU
		{7EC41E3A-A351-C7EE-4F9D-14FEB411B5FB}.Release|x86.Build.0 = Release|Any CPU
		{C3E3B566-EAC0-8392-1D6C-C0864EDB45F1}.Debug|Any CPU.ActiveCfg = Debug|Any CPU
		{C3E3B566-EAC0-8392-1D6C-C0864EDB45F1}.Debug|Any CPU.Build.0 = Debug|Any CPU
		{C3E3B566-EAC0-8392-1D6C-C0864EDB45F1}.Debug|x64.ActiveCfg = Debug|Any CPU
		{C3E3B566-EAC0-8392-1D6C-C0864EDB45F1}.Debug|x64.Build.0 = Debug|Any CPU
		{C3E3B566-EAC0-8392-1D6C-C0864EDB45F1}.Debug|x86.ActiveCfg = Debug|Any CPU
		{C3E3B566-EAC0-8392-1D6C-C0864EDB45F1}.Debug|x86.Build.0 = Debug|Any CPU
		{C3E3B566-EAC0-8392-1D6C-C0864EDB45F1}.Release|Any CPU.ActiveCfg = Release|Any CPU
		{C3E3B566-EAC0-8392-1D6C-C0864EDB45F1}.Release|Any CPU.Build.0 = Release|Any CPU
		{C3E3B566-EAC0-8392-1D6C-C0864EDB45F1}.Release|x64.ActiveCfg = Release|Any CPU
		{C3E3B566-EAC0-8392-1D6C-C0864EDB45F1}.Release|x64.Build.0 = Release|Any CPU
		{C3E3B566-EAC0-8392-1D6C-C0864EDB45F1}.Release|x86.ActiveCfg = Release|Any CPU
		{C3E3B566-EAC0-8392-1D6C-C0864EDB45F1}.Release|x86.Build.0 = Release|Any CPU
		{7296DE2C-5E7F-D9A9-FF85-CD5AD1D2FE32}.Debug|Any CPU.ActiveCfg = Debug|Any CPU
		{7296DE2C-5E7F-D9A9-FF85-CD5AD1D2FE32}.Debug|Any CPU.Build.0 = Debug|Any CPU
		{7296DE2C-5E7F-D9A9-FF85-CD5AD1D2FE32}.Debug|x64.ActiveCfg = Debug|Any CPU
		{7296DE2C-5E7F-D9A9-FF85-CD5AD1D2FE32}.Debug|x64.Build.0 = Debug|Any CPU
		{7296DE2C-5E7F-D9A9-FF85-CD5AD1D2FE32}.Debug|x86.ActiveCfg = Debug|Any CPU
		{7296DE2C-5E7F-D9A9-FF85-CD5AD1D2FE32}.Debug|x86.Build.0 = Debug|Any CPU
		{7296DE2C-5E7F-D9A9-FF85-CD5AD1D2FE32}.Release|Any CPU.ActiveCfg = Release|Any CPU
		{7296DE2C-5E7F-D9A9-FF85-CD5AD1D2FE32}.Release|Any CPU.Build.0 = Release|Any CPU
		{7296DE2C-5E7F-D9A9-FF85-CD5AD1D2FE32}.Release|x64.ActiveCfg = Release|Any CPU
		{7296DE2C-5E7F-D9A9-FF85-CD5AD1D2FE32}.Release|x64.Build.0 = Release|Any CPU
		{7296DE2C-5E7F-D9A9-FF85-CD5AD1D2FE32}.Release|x86.ActiveCfg = Release|Any CPU
		{7296DE2C-5E7F-D9A9-FF85-CD5AD1D2FE32}.Release|x86.Build.0 = Release|Any CPU
		{B6A1C02B-CC9F-87D8-9C50-EA79C5482805}.Debug|Any CPU.ActiveCfg = Debug|Any CPU
		{B6A1C02B-CC9F-87D8-9C50-EA79C5482805}.Debug|Any CPU.Build.0 = Debug|Any CPU
		{B6A1C02B-CC9F-87D8-9C50-EA79C5482805}.Debug|x64.ActiveCfg = Debug|Any CPU
		{B6A1C02B-CC9F-87D8-9C50-EA79C5482805}.Debug|x64.Build.0 = Debug|Any CPU
		{B6A1C02B-CC9F-87D8-9C50-EA79C5482805}.Debug|x86.ActiveCfg = Debug|Any CPU
		{B6A1C02B-CC9F-87D8-9C50-EA79C5482805}.Debug|x86.Build.0 = Debug|Any CPU
		{B6A1C02B-CC9F-87D8-9C50-EA79C5482805}.Release|Any CPU.ActiveCfg = Release|Any CPU
		{B6A1C02B-CC9F-87D8-9C50-EA79C5482805}.Release|Any CPU.Build.0 = Release|Any CPU
		{B6A1C02B-CC9F-87D8-9C50-EA79C5482805}.Release|x64.ActiveCfg = Release|Any CPU
		{B6A1C02B-CC9F-87D8-9C50-EA79C5482805}.Release|x64.Build.0 = Release|Any CPU
		{B6A1C02B-CC9F-87D8-9C50-EA79C5482805}.Release|x86.ActiveCfg = Release|Any CPU
		{B6A1C02B-CC9F-87D8-9C50-EA79C5482805}.Release|x86.Build.0 = Release|Any CPU
		{9A6EA8B3-F5D9-A754-B63B-C10EB54EBF8D}.Debug|Any CPU.ActiveCfg = Debug|Any CPU
		{9A6EA8B3-F5D9-A754-B63B-C10EB54EBF8D}.Debug|Any CPU.Build.0 = Debug|Any CPU
		{9A6EA8B3-F5D9-A754-B63B-C10EB54EBF8D}.Debug|x64.ActiveCfg = Debug|Any CPU
		{9A6EA8B3-F5D9-A754-B63B-C10EB54EBF8D}.Debug|x64.Build.0 = Debug|Any CPU
		{9A6EA8B3-F5D9-A754-B63B-C10EB54EBF8D}.Debug|x86.ActiveCfg = Debug|Any CPU
		{9A6EA8B3-F5D9-A754-B63B-C10EB54EBF8D}.Debug|x86.Build.0 = Debug|Any CPU
		{9A6EA8B3-F5D9-A754-B63B-C10EB54EBF8D}.Release|Any CPU.ActiveCfg = Release|Any CPU
		{9A6EA8B3-F5D9-A754-B63B-C10EB54EBF8D}.Release|Any CPU.Build.0 = Release|Any CPU
		{9A6EA8B3-F5D9-A754-B63B-C10EB54EBF8D}.Release|x64.ActiveCfg = Release|Any CPU
		{9A6EA8B3-F5D9-A754-B63B-C10EB54EBF8D}.Release|x64.Build.0 = Release|Any CPU
		{9A6EA8B3-F5D9-A754-B63B-C10EB54EBF8D}.Release|x86.ActiveCfg = Release|Any CPU
		{9A6EA8B3-F5D9-A754-B63B-C10EB54EBF8D}.Release|x86.Build.0 = Release|Any CPU
		{48CD4C14-519A-481C-9AF2-E0CD74FD0D1F}.Debug|Any CPU.ActiveCfg = Debug|Any CPU
		{48CD4C14-519A-481C-9AF2-E0CD74FD0D1F}.Debug|Any CPU.Build.0 = Debug|Any CPU
		{48CD4C14-519A-481C-9AF2-E0CD74FD0D1F}.Debug|x64.ActiveCfg = Debug|Any CPU
		{48CD4C14-519A-481C-9AF2-E0CD74FD0D1F}.Debug|x64.Build.0 = Debug|Any CPU
		{48CD4C14-519A-481C-9AF2-E0CD74FD0D1F}.Debug|x86.ActiveCfg = Debug|Any CPU
		{48CD4C14-519A-481C-9AF2-E0CD74FD0D1F}.Debug|x86.Build.0 = Debug|Any CPU
		{48CD4C14-519A-481C-9AF2-E0CD74FD0D1F}.Release|Any CPU.ActiveCfg = Release|Any CPU
		{48CD4C14-519A-481C-9AF2-E0CD74FD0D1F}.Release|Any CPU.Build.0 = Release|Any CPU
		{48CD4C14-519A-481C-9AF2-E0CD74FD0D1F}.Release|x64.ActiveCfg = Release|Any CPU
		{48CD4C14-519A-481C-9AF2-E0CD74FD0D1F}.Release|x64.Build.0 = Release|Any CPU
		{48CD4C14-519A-481C-9AF2-E0CD74FD0D1F}.Release|x86.ActiveCfg = Release|Any CPU
		{48CD4C14-519A-481C-9AF2-E0CD74FD0D1F}.Release|x86.Build.0 = Release|Any CPU
		{7E18D722-AA66-4393-B85E-B5385C0E73FB}.Debug|Any CPU.ActiveCfg = Debug|Any CPU
		{7E18D722-AA66-4393-B85E-B5385C0E73FB}.Debug|Any CPU.Build.0 = Debug|Any CPU
		{7E18D722-AA66-4393-B85E-B5385C0E73FB}.Debug|x64.ActiveCfg = Debug|Any CPU
		{7E18D722-AA66-4393-B85E-B5385C0E73FB}.Debug|x64.Build.0 = Debug|Any CPU
		{7E18D722-AA66-4393-B85E-B5385C0E73FB}.Debug|x86.ActiveCfg = Debug|Any CPU
		{7E18D722-AA66-4393-B85E-B5385C0E73FB}.Debug|x86.Build.0 = Debug|Any CPU
		{7E18D722-AA66-4393-B85E-B5385C0E73FB}.Release|Any CPU.ActiveCfg = Release|Any CPU
		{7E18D722-AA66-4393-B85E-B5385C0E73FB}.Release|Any CPU.Build.0 = Release|Any CPU
		{7E18D722-AA66-4393-B85E-B5385C0E73FB}.Release|x64.ActiveCfg = Release|Any CPU
		{7E18D722-AA66-4393-B85E-B5385C0E73FB}.Release|x64.Build.0 = Release|Any CPU
		{7E18D722-AA66-4393-B85E-B5385C0E73FB}.Release|x86.ActiveCfg = Release|Any CPU
		{7E18D722-AA66-4393-B85E-B5385C0E73FB}.Release|x86.Build.0 = Release|Any CPU
		{DB745B17-1FD3-4585-8056-27CE99F7113B}.Debug|Any CPU.ActiveCfg = Debug|x64
		{DB745B17-1FD3-4585-8056-27CE99F7113B}.Debug|Any CPU.Build.0 = Debug|x64
		{DB745B17-1FD3-4585-8056-27CE99F7113B}.Debug|x64.ActiveCfg = Debug|x64
		{DB745B17-1FD3-4585-8056-27CE99F7113B}.Debug|x64.Build.0 = Debug|x64
		{DB745B17-1FD3-4585-8056-27CE99F7113B}.Debug|x86.ActiveCfg = Debug|Win32
		{DB745B17-1FD3-4585-8056-27CE99F7113B}.Debug|x86.Build.0 = Debug|Win32
		{DB745B17-1FD3-4585-8056-27CE99F7113B}.Release|Any CPU.ActiveCfg = Release|x64
		{DB745B17-1FD3-4585-8056-27CE99F7113B}.Release|Any CPU.Build.0 = Release|x64
		{DB745B17-1FD3-4585-8056-27CE99F7113B}.Release|x64.ActiveCfg = Release|x64
		{DB745B17-1FD3-4585-8056-27CE99F7113B}.Release|x64.Build.0 = Release|x64
		{DB745B17-1FD3-4585-8056-27CE99F7113B}.Release|x86.ActiveCfg = Release|Win32
		{DB745B17-1FD3-4585-8056-27CE99F7113B}.Release|x86.Build.0 = Release|Win32
	EndGlobalSection
	GlobalSection(SolutionProperties) = preSolution
		HideSolutionNode = FALSE
	EndGlobalSection
	GlobalSection(NestedProjects) = preSolution
		{90E6C614-277C-4EA6-9625-880CBEAD970C} = {5AA54591-AA47-4F05-9706-207601B5DB6F}
		{BD3BCBDC-AB43-492C-8451-5E02795A35C3} = {5AA54591-AA47-4F05-9706-207601B5DB6F}
		{058371E4-2179-49B5-BD68-298F4B74E37D} = {5AA54591-AA47-4F05-9706-207601B5DB6F}
		{41CC78DB-63E7-46E8-B0E4-6497EB3F8BAA} = {5AA54591-AA47-4F05-9706-207601B5DB6F}
		{7EC41E3A-A351-C7EE-4F9D-14FEB411B5FB} = {B8198FCD-CF0B-4DE3-89D5-FC8CFE57B6C0}
		{C3E3B566-EAC0-8392-1D6C-C0864EDB45F1} = {02EA681E-C7D8-13C7-8484-4AC65E1B71E8}
		{7296DE2C-5E7F-D9A9-FF85-CD5AD1D2FE32} = {02EA681E-C7D8-13C7-8484-4AC65E1B71E8}
		{B6A1C02B-CC9F-87D8-9C50-EA79C5482805} = {02EA681E-C7D8-13C7-8484-4AC65E1B71E8}
		{9A6EA8B3-F5D9-A754-B63B-C10EB54EBF8D} = {02EA681E-C7D8-13C7-8484-4AC65E1B71E8}
		{48CD4C14-519A-481C-9AF2-E0CD74FD0D1F} = {02EA681E-C7D8-13C7-8484-4AC65E1B71E8}
		{7E18D722-AA66-4393-B85E-B5385C0E73FB} = {02EA681E-C7D8-13C7-8484-4AC65E1B71E8}
		{DB745B17-1FD3-4585-8056-27CE99F7113B} = {B0E8B0C3-3A47-46BE-87ED-0E3CB9B835B8}
	EndGlobalSection
	GlobalSection(ExtensibilityGlobals) = postSolution
		SolutionGuid = {59602756-D7F5-448E-B832-0AC0A3A6E00B}
	EndGlobalSection
EndGlobal
